
Microsoft Visual Studio Solution File, Format Version 12.00
# Visual Studio Version 17
VisualStudioVersion = 17.5.33414.496
MinimumVisualStudioVersion = 10.0.40219.1
Project("{F184B08F-C81C-45F6-A57F-5ABD9991F28F}") = "Proba", "Proba\Proba.vbproj", "{15276D70-A22F-4776-A057-77ED5DA3D8B7}"
EndProject
Global
	GlobalSection(SolutionConfigurationPlatforms) = preSolution
		Debug|Any CPU = Debug|Any CPU
		Release|Any CPU = Release|Any CPU
	EndGlobalSection
	GlobalSection(ProjectConfigurationPlatforms) = postSolution
		{15276D70-A22F-4776-A057-77ED5DA3D8B7}.Debug|Any CPU.ActiveCfg = Debug|Any CPU
		{15276D70-A22F-4776-A057-77ED5DA3D8B7}.Debug|Any CPU.Build.0 = Debug|Any CPU
		{15276D70-A22F-4776-A057-77ED5DA3D8B7}.Release|Any CPU.ActiveCfg = Release|Any CPU
		{15276D70-A22F-4776-A057-77ED5DA3D8B7}.Release|Any CPU.Build.0 = Release|Any CPU
	EndGlobalSection
	GlobalSection(SolutionProperties) = preSolution
		HideSolutionNode = FALSE
	EndGlobalSection
	GlobalSection(ExtensibilityGlobals) = postSolution
		SolutionGuid = {0CA935D7-3113-458C-A3C5-CCE6EE7B0DED}
	EndGlobalSection
EndGlobal
